// !$*UTF8*$!
{
	archiveVersion = 1;
	classes = {
	};
	objectVersion = 55;
	objects = {

/* Begin PBXBuildFile section */
		E25331E8287F9EB6002E1DB6 /* Assets.xcassets in Resources */ = {isa = PBXBuildFile; fileRef = E25331E7287F9EB6002E1DB6 /* Assets.xcassets */; };
		E25331EB287F9EB6002E1DB6 /* Preview Assets.xcassets in Resources */ = {isa = PBXBuildFile; fileRef = E25331EA287F9EB6002E1DB6 /* Preview Assets.xcassets */; };
		E25331F3287F9F1A002E1DB6 /* AppDelegate.swift in Sources */ = {isa = PBXBuildFile; fileRef = E25331F2287F9F1A002E1DB6 /* AppDelegate.swift */; };
		E25331F5287F9F67002E1DB6 /* SceneDelegate.swift in Sources */ = {isa = PBXBuildFile; fileRef = E25331F4287F9F67002E1DB6 /* SceneDelegate.swift */; };
		E25331FD287FA82A002E1DB6 /* MainView.swift in Sources */ = {isa = PBXBuildFile; fileRef = E25331FC287FA82A002E1DB6 /* MainView.swift */; };
		E25331FF287FACAA002E1DB6 /* HomeView.swift in Sources */ = {isa = PBXBuildFile; fileRef = E25331FE287FACAA002E1DB6 /* HomeView.swift */; };
		E2533201287FACB2002E1DB6 /* BenefitView.swift in Sources */ = {isa = PBXBuildFile; fileRef = E2533200287FACB2002E1DB6 /* BenefitView.swift */; };
		E2533203287FACCE002E1DB6 /* RemitView.swift in Sources */ = {isa = PBXBuildFile; fileRef = E2533202287FACCE002E1DB6 /* RemitView.swift */; };
		E2533205287FACD7002E1DB6 /* StockView.swift in Sources */ = {isa = PBXBuildFile; fileRef = E2533204287FACD7002E1DB6 /* StockView.swift */; };
		E2533207287FACE2002E1DB6 /* AllView.swift in Sources */ = {isa = PBXBuildFile; fileRef = E2533206287FACE2002E1DB6 /* AllView.swift */; };
		E253320A287FB631002E1DB6 /* TabBarView.swift in Sources */ = {isa = PBXBuildFile; fileRef = E2533209287FB631002E1DB6 /* TabBarView.swift */; };
/* End PBXBuildFile section */

/* Begin PBXFileReference section */
		E25331E0287F9EB5002E1DB6 /* toss-clone-swiftui.app */ = {isa = PBXFileReference; explicitFileType = wrapper.application; includeInIndex = 0; path = "toss-clone-swiftui.app"; sourceTree = BUILT_PRODUCTS_DIR; };
		E25331E7287F9EB6002E1DB6 /* Assets.xcassets */ = {isa = PBXFileReference; lastKnownFileType = folder.assetcatalog; path = Assets.xcassets; sourceTree = "<group>"; };
		E25331EA287F9EB6002E1DB6 /* Preview Assets.xcassets */ = {isa = PBXFileReference; lastKnownFileType = folder.assetcatalog; path = "Preview Assets.xcassets"; sourceTree = "<group>"; };
		E25331F2287F9F1A002E1DB6 /* AppDelegate.swift */ = {isa = PBXFileReference; lastKnownFileType = sourcecode.swift; path = AppDelegate.swift; sourceTree = "<group>"; };
		E25331F4287F9F67002E1DB6 /* SceneDelegate.swift */ = {isa = PBXFileReference; lastKnownFileType = sourcecode.swift; path = SceneDelegate.swift; sourceTree = "<group>"; };
		E25331F6287FA0B9002E1DB6 /* Info.plist */ = {isa = PBXFileReference; lastKnownFileType = text.plist.xml; path = Info.plist; sourceTree = "<group>"; };
		E25331FC287FA82A002E1DB6 /* MainView.swift */ = {isa = PBXFileReference; lastKnownFileType = sourcecode.swift; path = MainView.swift; sourceTree = "<group>"; };
		E25331FE287FACAA002E1DB6 /* HomeView.swift */ = {isa = PBXFileReference; lastKnownFileType = sourcecode.swift; path = HomeView.swift; sourceTree = "<group>"; };
		E2533200287FACB2002E1DB6 /* BenefitView.swift */ = {isa = PBXFileReference; lastKnownFileType = sourcecode.swift; path = BenefitView.swift; sourceTree = "<group>"; };
		E2533202287FACCE002E1DB6 /* RemitView.swift */ = {isa = PBXFileReference; lastKnownFileType = sourcecode.swift; path = RemitView.swift; sourceTree = "<group>"; };
		E2533204287FACD7002E1DB6 /* StockView.swift */ = {isa = PBXFileReference; lastKnownFileType = sourcecode.swift; path = StockView.swift; sourceTree = "<group>"; };
		E2533206287FACE2002E1DB6 /* AllView.swift */ = {isa = PBXFileReference; lastKnownFileType = sourcecode.swift; path = AllView.swift; sourceTree = "<group>"; };
		E2533209287FB631002E1DB6 /* TabBarView.swift */ = {isa = PBXFileReference; lastKnownFileType = sourcecode.swift; path = TabBarView.swift; sourceTree = "<group>"; };
/* End PBXFileReference section */

/* Begin PBXFrameworksBuildPhase section */
		E25331DD287F9EB5002E1DB6 /* Frameworks */ = {
			isa = PBXFrameworksBuildPhase;
			buildActionMask = 2147483647;
			files = (
			);
			runOnlyForDeploymentPostprocessing = 0;
		};
/* End PBXFrameworksBuildPhase section */

/* Begin PBXGroup section */
		E25331D7287F9EB5002E1DB6 = {
			isa = PBXGroup;
			children = (
				E25331E2287F9EB5002E1DB6 /* toss-clone-swiftui */,
				E25331E1287F9EB5002E1DB6 /* Products */,
			);
			sourceTree = "<group>";
		};
		E25331E1287F9EB5002E1DB6 /* Products */ = {
			isa = PBXGroup;
			children = (
				E25331E0287F9EB5002E1DB6 /* toss-clone-swiftui.app */,
			);
			name = Products;
			sourceTree = "<group>";
		};
		E25331E2287F9EB5002E1DB6 /* toss-clone-swiftui */ = {
			isa = PBXGroup;
			children = (
				E25331F1287F9F08002E1DB6 /* Application */,
				E25331F8287FA242002E1DB6 /* UI */,
				E25331F7287FA1DA002E1DB6 /* Resources */,
			);
			path = "toss-clone-swiftui";
			sourceTree = "<group>";
		};
		E25331F1287F9F08002E1DB6 /* Application */ = {
			isa = PBXGroup;
			children = (
				E25331F2287F9F1A002E1DB6 /* AppDelegate.swift */,
				E25331F4287F9F67002E1DB6 /* SceneDelegate.swift */,
			);
			path = Application;
			sourceTree = "<group>";
		};
		E25331F7287FA1DA002E1DB6 /* Resources */ = {
			isa = PBXGroup;
			children = (
				E25331F6287FA0B9002E1DB6 /* Info.plist */,
				E25331E7287F9EB6002E1DB6 /* Assets.xcassets */,
				E25331EA287F9EB6002E1DB6 /* Preview Assets.xcassets */,
			);
			path = Resources;
			sourceTree = "<group>";
		};
		E25331F8287FA242002E1DB6 /* UI */ = {
			isa = PBXGroup;
			children = (
				E25331F9287FA254002E1DB6 /* Screens */,
				E2533208287FB5A7002E1DB6 /* Components */,
			);
			path = UI;
			sourceTree = "<group>";
		};
		E25331F9287FA254002E1DB6 /* Screens */ = {
			isa = PBXGroup;
			children = (
				E25331FC287FA82A002E1DB6 /* MainView.swift */,
				E25331FE287FACAA002E1DB6 /* HomeView.swift */,
				E2533200287FACB2002E1DB6 /* BenefitView.swift */,
				E2533202287FACCE002E1DB6 /* RemitView.swift */,
				E2533204287FACD7002E1DB6 /* StockView.swift */,
				E2533206287FACE2002E1DB6 /* AllView.swift */,
			);
			path = Screens;
			sourceTree = "<group>";
		};
		E2533208287FB5A7002E1DB6 /* Components */ = {
			isa = PBXGroup;
			children = (
				E2533209287FB631002E1DB6 /* TabBarView.swift */,
			);
			path = Components;
			sourceTree = "<group>";
		};
/* End PBXGroup section */

/* Begin PBXNativeTarget section */
		E25331DF287F9EB5002E1DB6 /* toss-clone-swiftui */ = {
			isa = PBXNativeTarget;
			buildConfigurationList = E25331EE287F9EB6002E1DB6 /* Build configuration list for PBXNativeTarget "toss-clone-swiftui" */;
			buildPhases = (
				E25331DC287F9EB5002E1DB6 /* Sources */,
				E25331DD287F9EB5002E1DB6 /* Frameworks */,
				E25331DE287F9EB5002E1DB6 /* Resources */,
			);
			buildRules = (
			);
			dependencies = (
			);
			name = "toss-clone-swiftui";
			productName = "toss-clone-swiftui";
			productReference = E25331E0287F9EB5002E1DB6 /* toss-clone-swiftui.app */;
			productType = "com.apple.product-type.application";
		};
/* End PBXNativeTarget section */

/* Begin PBXProject section */
		E25331D8287F9EB5002E1DB6 /* Project object */ = {
			isa = PBXProject;
			attributes = {
				BuildIndependentTargetsInParallel = 1;
				LastSwiftUpdateCheck = 1340;
				LastUpgradeCheck = 1340;
				TargetAttributes = {
					E25331DF287F9EB5002E1DB6 = {
						CreatedOnToolsVersion = 13.4.1;
					};
				};
			};
			buildConfigurationList = E25331DB287F9EB5002E1DB6 /* Build configuration list for PBXProject "toss-clone-swiftui" */;
			compatibilityVersion = "Xcode 13.0";
			developmentRegion = en;
			hasScannedForEncodings = 0;
			knownRegions = (
				en,
				Base,
			);
			mainGroup = E25331D7287F9EB5002E1DB6;
			productRefGroup = E25331E1287F9EB5002E1DB6 /* Products */;
			projectDirPath = "";
			projectRoot = "";
			targets = (
				E25331DF287F9EB5002E1DB6 /* toss-clone-swiftui */,
			);
		};
/* End PBXProject section */

/* Begin PBXResourcesBuildPhase section */
		E25331DE287F9EB5002E1DB6 /* Resources */ = {
			isa = PBXResourcesBuildPhase;
			buildActionMask = 2147483647;
			files = (
				E25331EB287F9EB6002E1DB6 /* Preview Assets.xcassets in Resources */,
				E25331E8287F9EB6002E1DB6 /* Assets.xcassets in Resources */,
			);
			runOnlyForDeploymentPostprocessing = 0;
		};
/* End PBXResourcesBuildPhase section */

/* Begin PBXSourcesBuildPhase section */
		E25331DC287F9EB5002E1DB6 /* Sources */ = {
			isa = PBXSourcesBuildPhase;
			buildActionMask = 2147483647;
			files = (
				E25331F3287F9F1A002E1DB6 /* AppDelegate.swift in Sources */,
				E253320A287FB631002E1DB6 /* TabBarView.swift in Sources */,
				E2533205287FACD7002E1DB6 /* StockView.swift in Sources */,
				E25331FD287FA82A002E1DB6 /* MainView.swift in Sources */,
				E2533203287FACCE002E1DB6 /* RemitView.swift in Sources */,
				E2533207287FACE2002E1DB6 /* AllView.swift in Sources */,
				E25331FF287FACAA002E1DB6 /* HomeView.swift in Sources */,
				E2533201287FACB2002E1DB6 /* BenefitView.swift in Sources */,
				E25331F5287F9F67002E1DB6 /* SceneDelegate.swift in Sources */,
			);
			runOnlyForDeploymentPostprocessing = 0;
		};
/* End PBXSourcesBuildPhase section */

/* Begin XCBuildConfiguration section */
		E25331EC287F9EB6002E1DB6 /* Debug */ = {
			isa = XCBuildConfiguration;
			buildSettings = {
				ALWAYS_SEARCH_USER_PATHS = NO;
				CLANG_ANALYZER_NONNULL = YES;
				CLANG_ANALYZER_NUMBER_OBJECT_CONVERSION = YES_AGGRESSIVE;
				CLANG_CXX_LANGUAGE_STANDARD = "gnu++17";
				CLANG_ENABLE_MODULES = YES;
				CLANG_ENABLE_OBJC_ARC = YES;
				CLANG_ENABLE_OBJC_WEAK = YES;
				CLANG_WARN_BLOCK_CAPTURE_AUTORELEASING = YES;
				CLANG_WARN_BOOL_CONVERSION = YES;
				CLANG_WARN_COMMA = YES;
				CLANG_WARN_CONSTANT_CONVERSION = YES;
				CLANG_WARN_DEPRECATED_OBJC_IMPLEMENTATIONS = YES;
				CLANG_WARN_DIRECT_OBJC_ISA_USAGE = YES_ERROR;
				CLANG_WARN_DOCUMENTATION_COMMENTS = YES;
				CLANG_WARN_EMPTY_BODY = YES;
				CLANG_WARN_ENUM_CONVERSION = YES;
				CLANG_WARN_INFINITE_RECURSION = YES;
				CLANG_WARN_INT_CONVERSION = YES;
				CLANG_WARN_NON_LITERAL_NULL_CONVERSION = YES;
				CLANG_WARN_OBJC_IMPLICIT_RETAIN_SELF = YES;
				CLANG_WARN_OBJC_LITERAL_CONVERSION = YES;
				CLANG_WARN_OBJC_ROOT_CLASS = YES_ERROR;
				CLANG_WARN_QUOTED_INCLUDE_IN_FRAMEWORK_HEADER = YES;
				CLANG_WARN_RANGE_LOOP_ANALYSIS = YES;
				CLANG_WARN_STRICT_PROTOTYPES = YES;
				CLANG_WARN_SUSPICIOUS_MOVE = YES;
				CLANG_WARN_UNGUARDED_AVAILABILITY = YES_AGGRESSIVE;
				CLANG_WARN_UNREACHABLE_CODE = YES;
				CLANG_WARN__DUPLICATE_METHOD_MATCH = YES;
				COPY_PHASE_STRIP = NO;
				DEBUG_INFORMATION_FORMAT = dwarf;
				ENABLE_STRICT_OBJC_MSGSEND = YES;
				ENABLE_TESTABILITY = YES;
				GCC_C_LANGUAGE_STANDARD = gnu11;
				GCC_DYNAMIC_NO_PIC = NO;
				GCC_NO_COMMON_BLOCKS = YES;
				GCC_OPTIMIZATION_LEVEL = 0;
				GCC_PREPROCESSOR_DEFINITIONS = (
					"DEBUG=1",
					"$(inherited)",
				);
				GCC_WARN_64_TO_32_BIT_CONVERSION = YES;
				GCC_WARN_ABOUT_RETURN_TYPE = YES_ERROR;
				GCC_WARN_UNDECLARED_SELECTOR = YES;
				GCC_WARN_UNINITIALIZED_AUTOS = YES_AGGRESSIVE;
				GCC_WARN_UNUSED_FUNCTION = YES;
				GCC_WARN_UNUSED_VARIABLE = YES;
				IPHONEOS_DEPLOYMENT_TARGET = 15.5;
				MTL_ENABLE_DEBUG_INFO = INCLUDE_SOURCE;
				MTL_FAST_MATH = YES;
				ONLY_ACTIVE_ARCH = YES;
				SDKROOT = iphoneos;
				SWIFT_ACTIVE_COMPILATION_CONDITIONS = DEBUG;
				SWIFT_OPTIMIZATION_LEVEL = "-Onone";
			};
			name = Debug;
		};
		E25331ED287F9EB6002E1DB6 /* Release */ = {
			isa = XCBuildConfiguration;
			buildSettings = {
				ALWAYS_SEARCH_USER_PATHS = NO;
				CLANG_ANALYZER_NONNULL = YES;
				CLANG_ANALYZER_NUMBER_OBJECT_CONVERSION = YES_AGGRESSIVE;
				CLANG_CXX_LANGUAGE_STANDARD = "gnu++17";
				CLANG_ENABLE_MODULES = YES;
				CLANG_ENABLE_OBJC_ARC = YES;
				CLANG_ENABLE_OBJC_WEAK = YES;
				CLANG_WARN_BLOCK_CAPTURE_AUTORELEASING = YES;
				CLANG_WARN_BOOL_CONVERSION = YES;
				CLANG_WARN_COMMA = YES;
				CLANG_WARN_CONSTANT_CONVERSION = YES;
				CLANG_WARN_DEPRECATED_OBJC_IMPLEMENTATIONS = YES;
				CLANG_WARN_DIRECT_OBJC_ISA_USAGE = YES_ERROR;
				CLANG_WARN_DOCUMENTATION_COMMENTS = YES;
				CLANG_WARN_EMPTY_BODY = YES;
				CLANG_WARN_ENUM_CONVERSION = YES;
				CLANG_WARN_INFINITE_RECURSION = YES;
				CLANG_WARN_INT_CONVERSION = YES;
				CLANG_WARN_NON_LITERAL_NULL_CONVERSION = YES;
				CLANG_WARN_OBJC_IMPLICIT_RETAIN_SELF = YES;
				CLANG_WARN_OBJC_LITERAL_CONVERSION = YES;
				CLANG_WARN_OBJC_ROOT_CLASS = YES_ERROR;
				CLANG_WARN_QUOTED_INCLUDE_IN_FRAMEWORK_HEADER = YES;
				CLANG_WARN_RANGE_LOOP_ANALYSIS = YES;
				CLANG_WARN_STRICT_PROTOTYPES = YES;
				CLANG_WARN_SUSPICIOUS_MOVE = YES;
				CLANG_WARN_UNGUARDED_AVAILABILITY = YES_AGGRESSIVE;
				CLANG_WARN_UNREACHABLE_CODE = YES;
				CLANG_WARN__DUPLICATE_METHOD_MATCH = YES;
				COPY_PHASE_STRIP = NO;
				DEBUG_INFORMATION_FORMAT = "dwarf-with-dsym";
				ENABLE_NS_ASSERTIONS = NO;
				ENABLE_STRICT_OBJC_MSGSEND = YES;
				GCC_C_LANGUAGE_STANDARD = gnu11;
				GCC_NO_COMMON_BLOCKS = YES;
				GCC_WARN_64_TO_32_BIT_CONVERSION = YES;
				GCC_WARN_ABOUT_RETURN_TYPE = YES_ERROR;
				GCC_WARN_UNDECLARED_SELECTOR = YES;
				GCC_WARN_UNINITIALIZED_AUTOS = YES_AGGRESSIVE;
				GCC_WARN_UNUSED_FUNCTION = YES;
				GCC_WARN_UNUSED_VARIABLE = YES;
				IPHONEOS_DEPLOYMENT_TARGET = 15.5;
				MTL_ENABLE_DEBUG_INFO = NO;
				MTL_FAST_MATH = YES;
				SDKROOT = iphoneos;
				SWIFT_COMPILATION_MODE = wholemodule;
				SWIFT_OPTIMIZATION_LEVEL = "-O";
				VALIDATE_PRODUCT = YES;
			};
			name = Release;
		};
		E25331EF287F9EB6002E1DB6 /* Debug */ = {
			isa = XCBuildConfiguration;
			buildSettings = {
				ASSETCATALOG_COMPILER_APPICON_NAME = AppIcon;
				ASSETCATALOG_COMPILER_GLOBAL_ACCENT_COLOR_NAME = AccentColor;
				CODE_SIGN_STYLE = Automatic;
				CURRENT_PROJECT_VERSION = 1;
				DEVELOPMENT_ASSET_PATHS = "\"toss-clone-swiftui/Preview Content\"";
				DEVELOPMENT_TEAM = Z2H4L8MUJ3;
				ENABLE_PREVIEWS = YES;
				GENERATE_INFOPLIST_FILE = YES;
				INFOPLIST_FILE = "toss-clone-swiftui/Resources/Info.plist";
				INFOPLIST_KEY_UIApplicationSupportsIndirectInputEvents = YES;
				INFOPLIST_KEY_UILaunchScreen_Generation = YES;
				INFOPLIST_KEY_UISupportedInterfaceOrientations_iPad = "UIInterfaceOrientationPortrait UIInterfaceOrientationPortraitUpsideDown UIInterfaceOrientationLandscapeLeft UIInterfaceOrientationLandscapeRight";
				INFOPLIST_KEY_UISupportedInterfaceOrientations_iPhone = "UIInterfaceOrientationPortrait UIInterfaceOrientationLandscapeLeft UIInterfaceOrientationLandscapeRight";
				LD_RUNPATH_SEARCH_PATHS = (
					"$(inherited)",
					"@executable_path/Frameworks",
				);
				MARKETING_VERSION = 1.0;
				PRODUCT_BUNDLE_IDENTIFIER = "com.tophun.toss-clone-swiftui";
				PRODUCT_NAME = "$(TARGET_NAME)";
				SWIFT_EMIT_LOC_STRINGS = YES;
				SWIFT_VERSION = 5.0;
				TARGETED_DEVICE_FAMILY = "1,2";
			};
			name = Debug;
		};
		E25331F0287F9EB6002E1DB6 /* Release */ = {
			isa = XCBuildConfiguration;
			buildSettings = {
				ASSETCATALOG_COMPILER_APPICON_NAME = AppIcon;
				ASSETCATALOG_COMPILER_GLOBAL_ACCENT_COLOR_NAME = AccentColor;
				CODE_SIGN_STYLE = Automatic;
				CURRENT_PROJECT_VERSION = 1;
				DEVELOPMENT_ASSET_PATHS = "\"toss-clone-swiftui/Preview Content\"";
				DEVELOPMENT_TEAM = Z2H4L8MUJ3;
				ENABLE_PREVIEWS = YES;
				GENERATE_INFOPLIST_FILE = YES;
				INFOPLIST_FILE = "toss-clone-swiftui/Resources/Info.plist";
				INFOPLIST_KEY_UIApplicationSupportsIndirectInputEvents = YES;
				INFOPLIST_KEY_UILaunchScreen_Generation = YES;
				INFOPLIST_KEY_UISupportedInterfaceOrientations_iPad = "UIInterfaceOrientationPortrait UIInterfaceOrientationPortraitUpsideDown UIInterfaceOrientationLandscapeLeft UIInterfaceOrientationLandscapeRight";
				INFOPLIST_KEY_UISupportedInterfaceOrientations_iPhone = "UIInterfaceOrientationPortrait UIInterfaceOrientationLandscapeLeft UIInterfaceOrientationLandscapeRight";
				LD_RUNPATH_SEARCH_PATHS = (
					"$(inherited)",
					"@executable_path/Frameworks",
				);
				MARKETING_VERSION = 1.0;
				PRODUCT_BUNDLE_IDENTIFIER = "com.tophun.toss-clone-swiftui";
				PRODUCT_NAME = "$(TARGET_NAME)";
				SWIFT_EMIT_LOC_STRINGS = YES;
				SWIFT_VERSION = 5.0;
				TARGETED_DEVICE_FAMILY = "1,2";
			};
			name = Release;
		};
/* End XCBuildConfiguration section */

/* Begin XCConfigurationList section */
		E25331DB287F9EB5002E1DB6 /* Build configuration list for PBXProject "toss-clone-swiftui" */ = {
			isa = XCConfigurationList;
			buildConfigurations = (
				E25331EC287F9EB6002E1DB6 /* Debug */,
				E25331ED287F9EB6002E1DB6 /* Release */,
			);
			defaultConfigurationIsVisible = 0;
			defaultConfigurationName = Release;
		};
		E25331EE287F9EB6002E1DB6 /* Build configuration list for PBXNativeTarget "toss-clone-swiftui" */ = {
			isa = XCConfigurationList;
			buildConfigurations = (
				E25331EF287F9EB6002E1DB6 /* Debug */,
				E25331F0287F9EB6002E1DB6 /* Release */,
			);
			defaultConfigurationIsVisible = 0;
			defaultConfigurationName = Release;
		};
/* End XCConfigurationList section */
	};
	rootObject = E25331D8287F9EB5002E1DB6 /* Project object */;
}
